<?xml version="1.0" encoding="utf-8"?>
<Project ToolsVersion="4.0" xmlns="http://schemas.microsoft.com/developer/msbuild/2003">
  <ItemGroup>
    <Filter Include="win32">
      <UniqueIdentifier>{84a8ebd7-7cf0-47f6-b75e-d441df67da40}</UniqueIdentifier>
    </Filter>
    <Filter Include="resource">
      <UniqueIdentifier>{715254bc-d70b-4ec5-bf29-467dd3ace079}</UniqueIdentifier>
    </Filter>
    <Filter Include="src">
      <UniqueIdentifier>{bb6c862e-70e9-49d9-81b7-3829a6f50471}</UniqueIdentifier>
    </Filter>
  </ItemGroup>
  <ItemGroup>
    <ClCompile Include="main.cpp">
      <Filter>win32</Filter>
    </ClCompile>
    <ClCompile Include="..\Classes\AppDelegate.cpp">
      <Filter>src</Filter>
    </ClCompile>
    <ClCompile Include="..\Classes\HelloWorldScene.cpp">
      <Filter>src</Filter>
    </ClCompile>
    <ClCompile Include="..\Classes\Act.cpp">
      <Filter>src</Filter>
    </ClCompile>
    <ClCompile Include="..\Classes\ActAttack.cpp">
      <Filter>src</Filter>
    </ClCompile>
    <ClCompile Include="..\Classes\ActRun.cpp">
      <Filter>src</Filter>
    </ClCompile>
    <ClCompile Include="..\Classes\AiPlayer.cpp">
      <Filter>src</Filter>
    </ClCompile>
    <ClCompile Include="..\Classes\AttackInfluence.cpp">
      <Filter>src</Filter>
    </ClCompile>
    <ClCompile Include="..\Classes\AutoTaskQueue.cpp">
      <Filter>src</Filter>
    </ClCompile>
    <ClCompile Include="..\Classes\BaseLayer.cpp">
      <Filter>src</Filter>
    </ClCompile>
    <ClCompile Include="..\Classes\BaseObject.cpp">
      <Filter>src</Filter>
    </ClCompile>
    <ClCompile Include="..\Classes\Building.cpp">
      <Filter>src</Filter>
    </ClCompile>
    <ClCompile Include="..\Classes\Building_1.cpp">
      <Filter>src</Filter>
    </ClCompile>
    <ClCompile Include="..\Classes\Building_2.cpp">
      <Filter>src</Filter>
    </ClCompile>
    <ClCompile Include="..\Classes\Building_3.cpp">
      <Filter>src</Filter>
    </ClCompile>
    <ClCompile Include="..\Classes\Building_4.cpp">
      <Filter>src</Filter>
    </ClCompile>
    <ClCompile Include="..\Classes\Building_5.cpp">
      <Filter>src</Filter>
    </ClCompile>
    <ClCompile Include="..\Classes\Building_6.cpp">
      <Filter>src</Filter>
    </ClCompile>
    <ClCompile Include="..\Classes\Building_7.cpp">
      <Filter>src</Filter>
    </ClCompile>
    <ClCompile Include="..\Classes\Building_8.cpp">
      <Filter>src</Filter>
    </ClCompile>
    <ClCompile Include="..\Classes\Building_9.cpp">
      <Filter>src</Filter>
    </ClCompile>
    <ClCompile Include="..\Classes\Building_10.cpp">
      <Filter>src</Filter>
    </ClCompile>
    <ClCompile Include="..\Classes\Building_11.cpp">
      <Filter>src</Filter>
    </ClCompile>
    <ClCompile Include="..\Classes\Building_12.cpp">
      <Filter>src</Filter>
    </ClCompile>
    <ClCompile Include="..\Classes\CheckAvailable.cpp">
      <Filter>src</Filter>
    </ClCompile>
    <ClCompile Include="..\Classes\CheckCreateAvailable.cpp">
      <Filter>src</Filter>
    </ClCompile>
    <ClCompile Include="..\Classes\Controller.cpp">
      <Filter>src</Filter>
    </ClCompile>
    <ClCompile Include="..\Classes\CreateAccountLayer.cpp">
      <Filter>src</Filter>
    </ClCompile>
    <ClCompile Include="..\Classes\CustomPopUp.cpp">
      <Filter>src</Filter>
    </ClCompile>
    <ClCompile Include="..\Classes\GameClient.cpp">
      <Filter>src</Filter>
    </ClCompile>
    <ClCompile Include="..\Classes\GameLogicImpl.cpp">
      <Filter>src</Filter>
    </ClCompile>
    <ClCompile Include="..\Classes\GameManager.cpp">
      <Filter>src</Filter>
    </ClCompile>
    <ClCompile Include="..\Classes\GamePlayer.cpp">
      <Filter>src</Filter>
    </ClCompile>
    <ClCompile Include="..\Classes\GameScene.cpp">
      <Filter>src</Filter>
    </ClCompile>
    <ClCompile Include="..\Classes\GameWorldImpl.cpp">
      <Filter>src</Filter>
    </ClCompile>
    <ClCompile Include="..\Classes\Influence.cpp">
      <Filter>src</Filter>
    </ClCompile>
    <ClCompile Include="..\Classes\IProcessBuilding_1.cpp">
      <Filter>src</Filter>
    </ClCompile>
    <ClCompile Include="..\Classes\JsonReader.cpp">
      <Filter>src</Filter>
    </ClCompile>
    <ClCompile Include="..\Classes\LobbyAIGameLayer.cpp">
      <Filter>src</Filter>
    </ClCompile>
    <ClCompile Include="..\Classes\LobbyBoardLayer.cpp">
      <Filter>src</Filter>
    </ClCompile>
    <ClCompile Include="..\Classes\LobbyChannelLayer.cpp">
      <Filter>src</Filter>
    </ClCompile>
    <ClCompile Include="..\Classes\LobbyClanLayer.cpp">
      <Filter>src</Filter>
    </ClCompile>
    <ClCompile Include="..\Classes\LobbyFriendLayer.cpp">
      <Filter>src</Filter>
    </ClCompile>
    <ClCompile Include="..\Classes\LobbyGameLayer.cpp">
      <Filter>src</Filter>
    </ClCompile>
    <ClCompile Include="..\Classes\LobbyMainLayer.cpp">
      <Filter>src</Filter>
    </ClCompile>
    <ClCompile Include="..\Classes\LobbyRankGameLayer.cpp">
      <Filter>src</Filter>
    </ClCompile>
    <ClCompile Include="..\Classes\LobbyRankingLayer.cpp">
      <Filter>src</Filter>
    </ClCompile>
    <ClCompile Include="..\Classes\LobbyScene.cpp">
      <Filter>src</Filter>
    </ClCompile>
    <ClCompile Include="..\Classes\LoginLayer.cpp">
      <Filter>src</Filter>
    </ClCompile>
    <ClCompile Include="..\Classes\LoginScene.cpp">
      <Filter>src</Filter>
    </ClCompile>
    <ClCompile Include="..\Classes\LogManager.cpp">
      <Filter>src</Filter>
    </ClCompile>
    <ClCompile Include="..\Classes\MenuButtonLayer.cpp">
      <Filter>src</Filter>
    </ClCompile>
    <ClCompile Include="..\Classes\MiniMapLayer.cpp">
      <Filter>src</Filter>
    </ClCompile>
    <ClCompile Include="..\Classes\MyInfoLayer.cpp">
      <Filter>src</Filter>
    </ClCompile>
    <ClCompile Include="..\Classes\Network.cpp">
      <Filter>src</Filter>
    </ClCompile>
    <ClCompile Include="..\Classes\NetworkManager.cpp">
      <Filter>src</Filter>
    </ClCompile>
    <ClCompile Include="..\Classes\ResultScene.cpp">
      <Filter>src</Filter>
    </ClCompile>
    <ClCompile Include="..\Classes\StaticObject.cpp">
      <Filter>src</Filter>
    </ClCompile>
    <ClCompile Include="..\Classes\TaskManager.cpp">
      <Filter>src</Filter>
    </ClCompile>
    <ClCompile Include="..\Classes\Unit.cpp">
      <Filter>src</Filter>
    </ClCompile>
    <ClCompile Include="..\Classes\Unit_1.cpp">
      <Filter>src</Filter>
    </ClCompile>
    <ClCompile Include="..\Classes\Unit_2.cpp">
      <Filter>src</Filter>
    </ClCompile>
    <ClCompile Include="..\Classes\Unit_3.cpp">
      <Filter>src</Filter>
    </ClCompile>
    <ClCompile Include="..\Classes\Unit_4.cpp">
      <Filter>src</Filter>
    </ClCompile>
    <ClCompile Include="..\Classes\Unit_5.cpp">
      <Filter>src</Filter>
    </ClCompile>
    <ClCompile Include="..\Classes\Unit_6.cpp">
      <Filter>src</Filter>
    </ClCompile>
    <ClCompile Include="..\Classes\Unit_7.cpp">
      <Filter>src</Filter>
    </ClCompile>
    <ClCompile Include="..\Classes\Unit_8.cpp">
      <Filter>src</Filter>
    </ClCompile>
    <ClCompile Include="..\Classes\Unit_9.cpp">
      <Filter>src</Filter>
    </ClCompile>
    <ClCompile Include="..\Classes\Upgrade.cpp">
      <Filter>src</Filter>
    </ClCompile>
    <ClCompile Include="..\Classes\Upgrade_1.cpp">
      <Filter>src</Filter>
    </ClCompile>
    <ClCompile Include="..\Classes\Upgrade_2.cpp">
      <Filter>src</Filter>
    </ClCompile>
    <ClCompile Include="..\Classes\Upgrade_3.cpp">
      <Filter>src</Filter>
    </ClCompile>
    <ClCompile Include="..\Classes\Upgrade_4.cpp">
      <Filter>src</Filter>
    </ClCompile>
    <ClCompile Include="..\Classes\Upgrade_5.cpp">
      <Filter>src</Filter>
    </ClCompile>
    <ClCompile Include="..\Classes\Upgrade_6.cpp">
      <Filter>src</Filter>
    </ClCompile>
    <ClCompile Include="..\Classes\Upgrade_7.cpp">
      <Filter>src</Filter>
    </ClCompile>
    <ClCompile Include="..\Classes\Upgrade_8.cpp">
      <Filter>src</Filter>
    </ClCompile>
    <ClCompile Include="..\Classes\Upgrade_9.cpp">
      <Filter>src</Filter>
    </ClCompile>
    <ClCompile Include="..\Classes\Upgrade_10.cpp">
      <Filter>src</Filter>
    </ClCompile>
    <ClCompile Include="..\Classes\Upgrade_11.cpp">
      <Filter>src</Filter>
    </ClCompile>
    <ClCompile Include="..\Classes\Upgrade_12.cpp">
      <Filter>src</Filter>
    </ClCompile>
    <ClCompile Include="..\Classes\Upgrade_13.cpp">
      <Filter>src</Filter>
    </ClCompile>
    <ClCompile Include="..\Classes\Upgrade_14.cpp">
      <Filter>src</Filter>
    </ClCompile>
    <ClCompile Include="..\Classes\Upgrade_15.cpp">
      <Filter>src</Filter>
    </ClCompile>
    <ClCompile Include="..\Classes\Upgrade_16.cpp">
      <Filter>src</Filter>
    </ClCompile>
    <ClCompile Include="..\Classes\Upgrade_17.cpp">
      <Filter>src</Filter>
    </ClCompile>
    <ClCompile Include="..\Classes\Upgrade_18.cpp">
      <Filter>src</Filter>
    </ClCompile>
    <ClCompile Include="..\Classes\Upgrade_19.cpp">
      <Filter>src</Filter>
    </ClCompile>
    <ClCompile Include="..\Classes\Upgrade_20.cpp">
      <Filter>src</Filter>
    </ClCompile>
    <ClCompile Include="..\Classes\Upgrade_21.cpp">
      <Filter>src</Filter>
    </ClCompile>
    <ClCompile Include="..\Classes\Upgrade_22.cpp">
      <Filter>src</Filter>
    </ClCompile>
    <ClCompile Include="..\Classes\Upgrade_23.cpp">
      <Filter>src</Filter>
    </ClCompile>
    <ClCompile Include="..\Classes\Upgrade_24.cpp">
      <Filter>src</Filter>
    </ClCompile>
    <ClCompile Include="..\Classes\UserInfoLayer.cpp">
      <Filter>src</Filter>
    </ClCompile>
    <ClCompile Include="..\Classes\UserListLayer.cpp">
      <Filter>src</Filter>
    </ClCompile>
  </ItemGroup>
  <ItemGroup>
    <ClInclude Include="main.h">
      <Filter>win32</Filter>
    </ClInclude>
    <ClInclude Include="..\Classes\AppDelegate.h">
      <Filter>src</Filter>
    </ClInclude>
    <ClInclude Include="..\Classes\HelloWorldScene.h">
      <Filter>src</Filter>
    </ClInclude>
    <ClInclude Include="..\Classes\Act.hpp">
      <Filter>src</Filter>
    </ClInclude>
    <ClInclude Include="..\Classes\ActAttack.hpp">
      <Filter>src</Filter>
    </ClInclude>
    <ClInclude Include="..\Classes\ActRun.hpp">
      <Filter>src</Filter>
    </ClInclude>
    <ClInclude Include="..\Classes\AiPlayer.h">
      <Filter>src</Filter>
    </ClInclude>
    <ClInclude Include="..\Classes\AttackInfluence.hpp">
      <Filter>src</Filter>
    </ClInclude>
    <ClInclude Include="..\Classes\AutoTaskPacket.h">
      <Filter>src</Filter>
    </ClInclude>
    <ClInclude Include="..\Classes\AutoTaskQueue.h">
      <Filter>src</Filter>
    </ClInclude>
    <ClInclude Include="..\Classes\BaseLayer.h">
      <Filter>src</Filter>
    </ClInclude>
    <ClInclude Include="..\Classes\BaseObject.hpp">
      <Filter>src</Filter>
    </ClInclude>
    <ClInclude Include="..\Classes\BasicDefines.h">
      <Filter>src</Filter>
    </ClInclude>
    <ClInclude Include="..\Classes\BasicPacket.h">
      <Filter>src</Filter>
    </ClInclude>
    <ClInclude Include="..\Classes\Building.hpp">
      <Filter>src</Filter>
    </ClInclude>
    <ClInclude Include="..\Classes\Building_1.hpp">
      <Filter>src</Filter>
    </ClInclude>
    <ClInclude Include="..\Classes\Building_2.hpp">
      <Filter>src</Filter>
    </ClInclude>
    <ClInclude Include="..\Classes\Building_3.hpp">
      <Filter>src</Filter>
    </ClInclude>
    <ClInclude Include="..\Classes\Building_4.hpp">
      <Filter>src</Filter>
    </ClInclude>
    <ClInclude Include="..\Classes\Building_5.hpp">
      <Filter>src</Filter>
    </ClInclude>
    <ClInclude Include="..\Classes\Building_6.hpp">
      <Filter>src</Filter>
    </ClInclude>
    <ClInclude Include="..\Classes\Building_7.hpp">
      <Filter>src</Filter>
    </ClInclude>
    <ClInclude Include="..\Classes\Building_8.hpp">
      <Filter>src</Filter>
    </ClInclude>
    <ClInclude Include="..\Classes\Building_9.hpp">
      <Filter>src</Filter>
    </ClInclude>
    <ClInclude Include="..\Classes\Building_10.hpp">
      <Filter>src</Filter>
    </ClInclude>
    <ClInclude Include="..\Classes\Building_11.hpp">
      <Filter>src</Filter>
    </ClInclude>
    <ClInclude Include="..\Classes\Building_12.hpp">
      <Filter>src</Filter>
    </ClInclude>
    <ClInclude Include="..\Classes\CheckAvailable.hpp">
      <Filter>src</Filter>
    </ClInclude>
    <ClInclude Include="..\Classes\CheckCreateAvailable.hpp">
      <Filter>src</Filter>
    </ClInclude>
    <ClInclude Include="..\Classes\ClientChattingPacket.h">
      <Filter>src</Filter>
    </ClInclude>
    <ClInclude Include="..\Classes\ClientFrontPacket.h">
      <Filter>src</Filter>
    </ClInclude>
    <ClInclude Include="..\Classes\ClientGamePacket.h">
      <Filter>src</Filter>
    </ClInclude>
    <ClInclude Include="..\Classes\ClientInput.h">
      <Filter>src</Filter>
    </ClInclude>
    <ClInclude Include="..\Classes\ClientLobbyPacket.h">
      <Filter>src</Filter>
    </ClInclude>
    <ClInclude Include="..\Classes\Controller.h">
      <Filter>src</Filter>
    </ClInclude>
    <ClInclude Include="..\Classes\CreateAccountLayer.h">
      <Filter>src</Filter>
    </ClInclude>
    <ClInclude Include="..\Classes\CustomPopUp.h">
      <Filter>src</Filter>
    </ClInclude>
    <ClInclude Include="..\Classes\DefineHeader.h">
      <Filter>src</Filter>
    </ClInclude>
    <ClInclude Include="..\Classes\GameClient.h">
      <Filter>src</Filter>
    </ClInclude>
    <ClInclude Include="..\Classes\GameData.h">
      <Filter>src</Filter>
    </ClInclude>
    <ClInclude Include="..\Classes\GameDefines.h">
      <Filter>src</Filter>
    </ClInclude>
    <ClInclude Include="..\Classes\GameLogic.h">
      <Filter>src</Filter>
    </ClInclude>
    <ClInclude Include="..\Classes\GameLogicImpl.hpp">
      <Filter>src</Filter>
    </ClInclude>
    <ClInclude Include="..\Classes\GameManager.hpp">
      <Filter>src</Filter>
    </ClInclude>
    <ClInclude Include="..\Classes\GamePlayer.hpp">
      <Filter>src</Filter>
    </ClInclude>
    <ClInclude Include="..\Classes\GameScene.h">
      <Filter>src</Filter>
    </ClInclude>
    <ClInclude Include="..\Classes\GameWorld.h">
      <Filter>src</Filter>
    </ClInclude>
    <ClInclude Include="..\Classes\GameWorldImpl.hpp">
      <Filter>src</Filter>
    </ClInclude>
    <ClInclude Include="..\Classes\Influence.hpp">
      <Filter>src</Filter>
    </ClInclude>
    <ClInclude Include="..\Classes\IProcessBuilding_1.hpp">
      <Filter>src</Filter>
    </ClInclude>
    <ClInclude Include="..\Classes\JsonReader.hpp">
      <Filter>src</Filter>
    </ClInclude>
    <ClInclude Include="..\Classes\LobbyAIGameLayer.h">
      <Filter>src</Filter>
    </ClInclude>
    <ClInclude Include="..\Classes\LobbyBoardLayer.h">
      <Filter>src</Filter>
    </ClInclude>
    <ClInclude Include="..\Classes\LobbyChannelLayer.h">
      <Filter>src</Filter>
    </ClInclude>
    <ClInclude Include="..\Classes\LobbyClanLayer.h">
      <Filter>src</Filter>
    </ClInclude>
    <ClInclude Include="..\Classes\LobbyFriendLayer.h">
      <Filter>src</Filter>
    </ClInclude>
    <ClInclude Include="..\Classes\LobbyGameLayer.h">
      <Filter>src</Filter>
    </ClInclude>
    <ClInclude Include="..\Classes\LobbyMainLayer.h">
      <Filter>src</Filter>
    </ClInclude>
    <ClInclude Include="..\Classes\LobbyRankGameLayer.h">
      <Filter>src</Filter>
    </ClInclude>
    <ClInclude Include="..\Classes\LobbyRankingLayer.h">
      <Filter>src</Filter>
    </ClInclude>
    <ClInclude Include="..\Classes\LobbyScene.h">
      <Filter>src</Filter>
    </ClInclude>
    <ClInclude Include="..\Classes\LoginLayer.h">
      <Filter>src</Filter>
    </ClInclude>
    <ClInclude Include="..\Classes\LoginScene.h">
      <Filter>src</Filter>
    </ClInclude>
    <ClInclude Include="..\Classes\LogManager.h">
      <Filter>src</Filter>
    </ClInclude>
    <ClInclude Include="..\Classes\MenuButtonLayer.h">
      <Filter>src</Filter>
    </ClInclude>
    <ClInclude Include="..\Classes\MiniMapLayer.h">
      <Filter>src</Filter>
    </ClInclude>
    <ClInclude Include="..\Classes\MyInfoLayer.h">
      <Filter>src</Filter>
    </ClInclude>
    <ClInclude Include="..\Classes\Network.h">
      <Filter>src</Filter>
    </ClInclude>
    <ClInclude Include="..\Classes\NetworkManager.h">
      <Filter>src</Filter>
    </ClInclude>
    <ClInclude Include="..\Classes\ObjectInfo.h">
      <Filter>src</Filter>
    </ClInclude>
    <ClInclude Include="..\Classes\Process.h">
      <Filter>src</Filter>
    </ClInclude>
    <ClInclude Include="..\Classes\ResultScene.h">
      <Filter>src</Filter>
    </ClInclude>
    <ClInclude Include="..\Classes\StaticObject.hpp">
      <Filter>src</Filter>
    </ClInclude>
    <ClInclude Include="..\Classes\TaskManager.h">
      <Filter>src</Filter>
    </ClInclude>
    <ClInclude Include="..\Classes\Unit.hpp">
      <Filter>src</Filter>
    </ClInclude>
    <ClInclude Include="..\Classes\Unit_1.hpp">
      <Filter>src</Filter>
    </ClInclude>
    <ClInclude Include="..\Classes\Unit_2.hpp">
      <Filter>src</Filter>
    </ClInclude>
    <ClInclude Include="..\Classes\Unit_3.hpp">
      <Filter>src</Filter>
    </ClInclude>
    <ClInclude Include="..\Classes\Unit_4.hpp">
      <Filter>src</Filter>
    </ClInclude>
    <ClInclude Include="..\Classes\Unit_5.hpp">
      <Filter>src</Filter>
    </ClInclude>
    <ClInclude Include="..\Classes\Unit_6.hpp">
      <Filter>src</Filter>
    </ClInclude>
    <ClInclude Include="..\Classes\Unit_7.hpp">
      <Filter>src</Filter>
    </ClInclude>
    <ClInclude Include="..\Classes\Unit_8.hpp">
      <Filter>src</Filter>
    </ClInclude>
    <ClInclude Include="..\Classes\Unit_9.hpp">
      <Filter>src</Filter>
    </ClInclude>
    <ClInclude Include="..\Classes\Upgrade.hpp">
      <Filter>src</Filter>
    </ClInclude>
    <ClInclude Include="..\Classes\Upgrade_1.hpp">
      <Filter>src</Filter>
    </ClInclude>
    <ClInclude Include="..\Classes\Upgrade_2.hpp">
      <Filter>src</Filter>
    </ClInclude>
    <ClInclude Include="..\Classes\Upgrade_3.hpp">
      <Filter>src</Filter>
    </ClInclude>
    <ClInclude Include="..\Classes\Upgrade_4.hpp">
      <Filter>src</Filter>
    </ClInclude>
    <ClInclude Include="..\Classes\Upgrade_5.hpp">
      <Filter>src</Filter>
    </ClInclude>
    <ClInclude Include="..\Classes\Upgrade_6.hpp">
      <Filter>src</Filter>
    </ClInclude>
    <ClInclude Include="..\Classes\Upgrade_7.hpp">
      <Filter>src</Filter>
    </ClInclude>
    <ClInclude Include="..\Classes\Upgrade_8.hpp">
      <Filter>src</Filter>
    </ClInclude>
    <ClInclude Include="..\Classes\Upgrade_9.hpp">
      <Filter>src</Filter>
    </ClInclude>
    <ClInclude Include="..\Classes\Upgrade_10.hpp">
      <Filter>src</Filter>
    </ClInclude>
    <ClInclude Include="..\Classes\Upgrade_11.hpp">
      <Filter>src</Filter>
    </ClInclude>
    <ClInclude Include="..\Classes\Upgrade_12.hpp">
      <Filter>src</Filter>
    </ClInclude>
    <ClInclude Include="..\Classes\Upgrade_13.hpp">
      <Filter>src</Filter>
    </ClInclude>
    <ClInclude Include="..\Classes\Upgrade_14.hpp">
      <Filter>src</Filter>
    </ClInclude>
    <ClInclude Include="..\Classes\Upgrade_15.hpp">
      <Filter>src</Filter>
    </ClInclude>
    <ClInclude Include="..\Classes\Upgrade_16.hpp">
      <Filter>src</Filter>
    </ClInclude>
    <ClInclude Include="..\Classes\Upgrade_17.hpp">
      <Filter>src</Filter>
    </ClInclude>
    <ClInclude Include="..\Classes\Upgrade_18.hpp">
      <Filter>src</Filter>
    </ClInclude>
    <ClInclude Include="..\Classes\Upgrade_19.hpp">
      <Filter>src</Filter>
    </ClInclude>
    <ClInclude Include="..\Classes\Upgrade_20.hpp">
      <Filter>src</Filter>
    </ClInclude>
    <ClInclude Include="..\Classes\Upgrade_21.hpp">
      <Filter>src</Filter>
    </ClInclude>
    <ClInclude Include="..\Classes\Upgrade_22.hpp">
      <Filter>src</Filter>
    </ClInclude>
    <ClInclude Include="..\Classes\Upgrade_23.hpp">
      <Filter>src</Filter>
    </ClInclude>
    <ClInclude Include="..\Classes\Upgrade_24.hpp">
      <Filter>src</Filter>
    </ClInclude>
    <ClInclude Include="..\Classes\UserInfoLayer.h">
      <Filter>src</Filter>
    </ClInclude>
    <ClInclude Include="..\Classes\UserListLayer.h">
      <Filter>src</Filter>
    </ClInclude>
  </ItemGroup>
  <ItemGroup>
    <ResourceCompile Include="game.rc">
      <Filter>resource</Filter>
    </ResourceCompile>
  </ItemGroup>
  <ItemGroup>
    <None Include="..\Classes\object_Info.json">
      <Filter>src</Filter>
    </None>
  </ItemGroup>
</Project>